
Microsoft Visual Studio Solution File, Format Version 12.00
# Visual Studio Version 17
VisualStudioVersion = 17.0.31903.59
MinimumVisualStudioVersion = 10.0.40219.1
Project("{FAE04EC0-301F-11D3-BF4B-00C04F79EFBC}") = "Domain", "Domain\Domain.csproj", "{ECE6A133-0659-4F68-A236-EE5D8B6E7541}"
EndProject
Project("{FAE04EC0-301F-11D3-BF4B-00C04F79EFBC}") = "Application", "Application\Application.csproj", "{1C2E83FE-5C46-4341-8839-53E458703F6A}"
EndProject
Project("{FAE04EC0-301F-11D3-BF4B-00C04F79EFBC}") = "Repository", "Repository\Repository.csproj", "{1D76CD58-F0B0-4206-8C7F-1AE72B23EBD8}"
EndProject
Project("{FAE04EC0-301F-11D3-BF4B-00C04F79EFBC}") = "Factory", "Factory\Factory.csproj", "{14329959-2EC7-4CF6-B19E-06440BE1BA5E}"
EndProject
Project("{FAE04EC0-301F-11D3-BF4B-00C04F79EFBC}") = "Infra", "Infra\Infra.csproj", "{63DFADDE-A926-4FAB-A2F3-A3223BD8B730}"
EndProject
Project("{FAE04EC0-301F-11D3-BF4B-00C04F79EFBC}") = "Api", "Api\Api.csproj", "{90E46DED-7E2A-491F-8EA7-A00D989C2263}"
EndProject
Project("{FAE04EC0-301F-11D3-BF4B-00C04F79EFBC}") = "Tests.Domain", "Tests.Domain\Tests.Domain.csproj", "{BEACC80C-39D1-4086-9236-774AE58160C6}"
EndProject
Project("{FAE04EC0-301F-11D3-BF4B-00C04F79EFBC}") = "Tests.Api", "Tests.Api\Tests.Api.csproj", "{BB68CF17-C55E-4EAA-BB66-B65C4DD9D72D}"
EndProject
Project("{FAE04EC0-301F-11D3-BF4B-00C04F79EFBC}") = "Tests.Other", "Tests.Other\Tests.Other.csproj", "{AFD00968-7034-4560-AEA6-9E8E45B5FACD}"
EndProject
Project("{FAE04EC0-301F-11D3-BF4B-00C04F79EFBC}") = "Query", "Query\Query.csproj", "{8F3DE615-FAAE-461D-B38B-E99881E6E3DE}"
EndProject
Global
	GlobalSection(SolutionConfigurationPlatforms) = preSolution
		Debug|Any CPU = Debug|Any CPU
		Release|Any CPU = Release|Any CPU
	EndGlobalSection
	GlobalSection(SolutionProperties) = preSolution
		HideSolutionNode = FALSE
	EndGlobalSection
	GlobalSection(ProjectConfigurationPlatforms) = postSolution
		{ECE6A133-0659-4F68-A236-EE5D8B6E7541}.Debug|Any CPU.ActiveCfg = Debug|Any CPU
		{ECE6A133-0659-4F68-A236-EE5D8B6E7541}.Debug|Any CPU.Build.0 = Debug|Any CPU
		{ECE6A133-0659-4F68-A236-EE5D8B6E7541}.Release|Any CPU.ActiveCfg = Release|Any CPU
		{ECE6A133-0659-4F68-A236-EE5D8B6E7541}.Release|Any CPU.Build.0 = Release|Any CPU
		{1C2E83FE-5C46-4341-8839-53E458703F6A}.Debug|Any CPU.ActiveCfg = Debug|Any CPU
		{1C2E83FE-5C46-4341-8839-53E458703F6A}.Debug|Any CPU.Build.0 = Debug|Any CPU
		{1C2E83FE-5C46-4341-8839-53E458703F6A}.Release|Any CPU.ActiveCfg = Release|Any CPU
		{1C2E83FE-5C46-4341-8839-53E458703F6A}.Release|Any CPU.Build.0 = Release|Any CPU
		{1D76CD58-F0B0-4206-8C7F-1AE72B23EBD8}.Debug|Any CPU.ActiveCfg = Debug|Any CPU
		{1D76CD58-F0B0-4206-8C7F-1AE72B23EBD8}.Debug|Any CPU.Build.0 = Debug|Any CPU
		{1D76CD58-F0B0-4206-8C7F-1AE72B23EBD8}.Release|Any CPU.ActiveCfg = Release|Any CPU
		{1D76CD58-F0B0-4206-8C7F-1AE72B23EBD8}.Release|Any CPU.Build.0 = Release|Any CPU
		{14329959-2EC7-4CF6-B19E-06440BE1BA5E}.Debug|Any CPU.ActiveCfg = Debug|Any CPU
		{14329959-2EC7-4CF6-B19E-06440BE1BA5E}.Debug|Any CPU.Build.0 = Debug|Any CPU
		{14329959-2EC7-4CF6-B19E-06440BE1BA5E}.Release|Any CPU.ActiveCfg = Release|Any CPU
		{14329959-2EC7-4CF6-B19E-06440BE1BA5E}.Release|Any CPU.Build.0 = Release|Any CPU
		{63DFADDE-A926-4FAB-A2F3-A3223BD8B730}.Debug|Any CPU.ActiveCfg = Debug|Any CPU
		{63DFADDE-A926-4FAB-A2F3-A3223BD8B730}.Debug|Any CPU.Build.0 = Debug|Any CPU
		{63DFADDE-A926-4FAB-A2F3-A3223BD8B730}.Release|Any CPU.ActiveCfg = Release|Any CPU
		{63DFADDE-A926-4FAB-A2F3-A3223BD8B730}.Release|Any CPU.Build.0 = Release|Any CPU
		{90E46DED-7E2A-491F-8EA7-A00D989C2263}.Debug|Any CPU.ActiveCfg = Debug|Any CPU
		{90E46DED-7E2A-491F-8EA7-A00D989C2263}.Debug|Any CPU.Build.0 = Debug|Any CPU
		{90E46DED-7E2A-491F-8EA7-A00D989C2263}.Release|Any CPU.ActiveCfg = Release|Any CPU
		{90E46DED-7E2A-491F-8EA7-A00D989C2263}.Release|Any CPU.Build.0 = Release|Any CPU
		{BEACC80C-39D1-4086-9236-774AE58160C6}.Debug|Any CPU.ActiveCfg = Debug|Any CPU
		{BEACC80C-39D1-4086-9236-774AE58160C6}.Debug|Any CPU.Build.0 = Debug|Any CPU
		{BEACC80C-39D1-4086-9236-774AE58160C6}.Release|Any CPU.ActiveCfg = Release|Any CPU
		{BEACC80C-39D1-4086-9236-774AE58160C6}.Release|Any CPU.Build.0 = Release|Any CPU
		{BB68CF17-C55E-4EAA-BB66-B65C4DD9D72D}.Debug|Any CPU.ActiveCfg = Debug|Any CPU
		{BB68CF17-C55E-4EAA-BB66-B65C4DD9D72D}.Debug|Any CPU.Build.0 = Debug|Any CPU
		{BB68CF17-C55E-4EAA-BB66-B65C4DD9D72D}.Release|Any CPU.ActiveCfg = Release|Any CPU
		{BB68CF17-C55E-4EAA-BB66-B65C4DD9D72D}.Release|Any CPU.Build.0 = Release|Any CPU
		{AFD00968-7034-4560-AEA6-9E8E45B5FACD}.Debug|Any CPU.ActiveCfg = Debug|Any CPU
		{AFD00968-7034-4560-AEA6-9E8E45B5FACD}.Debug|Any CPU.Build.0 = Debug|Any CPU
		{AFD00968-7034-4560-AEA6-9E8E45B5FACD}.Release|Any CPU.ActiveCfg = Release|Any CPU
		{AFD00968-7034-4560-AEA6-9E8E45B5FACD}.Release|Any CPU.Build.0 = Release|Any CPU
		{8F3DE615-FAAE-461D-B38B-E99881E6E3DE}.Debug|Any CPU.ActiveCfg = Debug|Any CPU
		{8F3DE615-FAAE-461D-B38B-E99881E6E3DE}.Debug|Any CPU.Build.0 = Debug|Any CPU
		{8F3DE615-FAAE-461D-B38B-E99881E6E3DE}.Release|Any CPU.ActiveCfg = Release|Any CPU
		{8F3DE615-FAAE-461D-B38B-E99881E6E3DE}.Release|Any CPU.Build.0 = Release|Any CPU
	EndGlobalSection
EndGlobal
